// !$*UTF8*$!
{
	archiveVersion = 1;
	classes = {
	};
	objectVersion = 50;
	objects = {

/* Begin PBXBuildFile section */
		7C58255F24BE30FE00CD3597 /* Question 1.swift in Sources */ = {isa = PBXBuildFile; fileRef = 7C58255E24BE30FE00CD3597 /* Question 1.swift */; };
		7C58256124BE312400CD3597 /* Question2.swift in Sources */ = {isa = PBXBuildFile; fileRef = 7C58256024BE312400CD3597 /* Question2.swift */; };
		7C58256324BE31CD00CD3597 /* Question3.swift in Sources */ = {isa = PBXBuildFile; fileRef = 7C58256224BE31CD00CD3597 /* Question3.swift */; };
		7C58256524BE31E800CD3597 /* Question4.swift in Sources */ = {isa = PBXBuildFile; fileRef = 7C58256424BE31E800CD3597 /* Question4.swift */; };
		7C58256724BE321A00CD3597 /* Question5.swift in Sources */ = {isa = PBXBuildFile; fileRef = 7C58256624BE321A00CD3597 /* Question5.swift */; };
		7C58256924BE326300CD3597 /* Results.swift in Sources */ = {isa = PBXBuildFile; fileRef = 7C58256824BE326300CD3597 /* Results.swift */; };
		7C58256B24BE381F00CD3597 /* Athleisure.swift in Sources */ = {isa = PBXBuildFile; fileRef = 7C58256A24BE381F00CD3597 /* Athleisure.swift */; };
		7C58256D24BE388600CD3597 /* Boho.swift in Sources */ = {isa = PBXBuildFile; fileRef = 7C58256C24BE388600CD3597 /* Boho.swift */; };
		CB8750A824BE239C000C39D0 /* AppDelegate.swift in Sources */ = {isa = PBXBuildFile; fileRef = CB8750A724BE239C000C39D0 /* AppDelegate.swift */; };
		CB8750AA24BE239C000C39D0 /* SceneDelegate.swift in Sources */ = {isa = PBXBuildFile; fileRef = CB8750A924BE239C000C39D0 /* SceneDelegate.swift */; };
		CB8750AC24BE239C000C39D0 /* ViewController.swift in Sources */ = {isa = PBXBuildFile; fileRef = CB8750AB24BE239C000C39D0 /* ViewController.swift */; };
		CB8750AF24BE239C000C39D0 /* Main.storyboard in Resources */ = {isa = PBXBuildFile; fileRef = CB8750AD24BE239C000C39D0 /* Main.storyboard */; };
		CB8750B224BE239C000C39D0 /* StandOut.xcdatamodeld in Sources */ = {isa = PBXBuildFile; fileRef = CB8750B024BE239C000C39D0 /* StandOut.xcdatamodeld */; };
		CB8750B424BE239F000C39D0 /* Assets.xcassets in Resources */ = {isa = PBXBuildFile; fileRef = CB8750B324BE239F000C39D0 /* Assets.xcassets */; };
		CB8750B724BE239F000C39D0 /* LaunchScreen.storyboard in Resources */ = {isa = PBXBuildFile; fileRef = CB8750B524BE239F000C39D0 /* LaunchScreen.storyboard */; };
/* End PBXBuildFile section */

/* Begin PBXFileReference section */
		7C58255E24BE30FE00CD3597 /* Question 1.swift */ = {isa = PBXFileReference; lastKnownFileType = sourcecode.swift; path = "Question 1.swift"; sourceTree = "<group>"; };
		7C58256024BE312400CD3597 /* Question2.swift */ = {isa = PBXFileReference; lastKnownFileType = sourcecode.swift; path = Question2.swift; sourceTree = "<group>"; };
		7C58256224BE31CD00CD3597 /* Question3.swift */ = {isa = PBXFileReference; lastKnownFileType = sourcecode.swift; path = Question3.swift; sourceTree = "<group>"; };
		7C58256424BE31E800CD3597 /* Question4.swift */ = {isa = PBXFileReference; lastKnownFileType = sourcecode.swift; path = Question4.swift; sourceTree = "<group>"; };
		7C58256624BE321A00CD3597 /* Question5.swift */ = {isa = PBXFileReference; lastKnownFileType = sourcecode.swift; path = Question5.swift; sourceTree = "<group>"; };
		7C58256824BE326300CD3597 /* Results.swift */ = {isa = PBXFileReference; lastKnownFileType = sourcecode.swift; path = Results.swift; sourceTree = "<group>"; };
		7C58256A24BE381F00CD3597 /* Athleisure.swift */ = {isa = PBXFileReference; lastKnownFileType = sourcecode.swift; path = Athleisure.swift; sourceTree = "<group>"; };
		7C58256C24BE388600CD3597 /* Boho.swift */ = {isa = PBXFileReference; lastKnownFileType = sourcecode.swift; path = Boho.swift; sourceTree = "<group>"; };
		CB8750A424BE239C000C39D0 /* StandOut.app */ = {isa = PBXFileReference; explicitFileType = wrapper.application; includeInIndex = 0; path = StandOut.app; sourceTree = BUILT_PRODUCTS_DIR; };
		CB8750A724BE239C000C39D0 /* AppDelegate.swift */ = {isa = PBXFileReference; lastKnownFileType = sourcecode.swift; path = AppDelegate.swift; sourceTree = "<group>"; };
		CB8750A924BE239C000C39D0 /* SceneDelegate.swift */ = {isa = PBXFileReference; lastKnownFileType = sourcecode.swift; path = SceneDelegate.swift; sourceTree = "<group>"; };
		CB8750AB24BE239C000C39D0 /* ViewController.swift */ = {isa = PBXFileReference; lastKnownFileType = sourcecode.swift; path = ViewController.swift; sourceTree = "<group>"; };
		CB8750AE24BE239C000C39D0 /* Base */ = {isa = PBXFileReference; lastKnownFileType = file.storyboard; name = Base; path = Base.lproj/Main.storyboard; sourceTree = "<group>"; };
		CB8750B124BE239C000C39D0 /* StandOut.xcdatamodel */ = {isa = PBXFileReference; lastKnownFileType = wrapper.xcdatamodel; path = StandOut.xcdatamodel; sourceTree = "<group>"; };
		CB8750B324BE239F000C39D0 /* Assets.xcassets */ = {isa = PBXFileReference; lastKnownFileType = folder.assetcatalog; path = Assets.xcassets; sourceTree = "<group>"; };
		CB8750B624BE239F000C39D0 /* Base */ = {isa = PBXFileReference; lastKnownFileType = file.storyboard; name = Base; path = Base.lproj/LaunchScreen.storyboard; sourceTree = "<group>"; };
		CB8750B824BE239F000C39D0 /* Info.plist */ = {isa = PBXFileReference; lastKnownFileType = text.plist.xml; path = Info.plist; sourceTree = "<group>"; };
/* End PBXFileReference section */

/* Begin PBXFrameworksBuildPhase section */
		CB8750A124BE239C000C39D0 /* Frameworks */ = {
			isa = PBXFrameworksBuildPhase;
			buildActionMask = 2147483647;
			files = (
			);
			runOnlyForDeploymentPostprocessing = 0;
		};
/* End PBXFrameworksBuildPhase section */

/* Begin PBXGroup section */
		CB87509B24BE239B000C39D0 = {
			isa = PBXGroup;
			children = (
				CB8750A624BE239C000C39D0 /* StandOut */,
				CB8750A524BE239C000C39D0 /* Products */,
			);
			sourceTree = "<group>";
		};
		CB8750A524BE239C000C39D0 /* Products */ = {
			isa = PBXGroup;
			children = (
				CB8750A424BE239C000C39D0 /* StandOut.app */,
			);
			name = Products;
			sourceTree = "<group>";
		};
		CB8750A624BE239C000C39D0 /* StandOut */ = {
			isa = PBXGroup;
			children = (
				CB8750A724BE239C000C39D0 /* AppDelegate.swift */,
				CB8750A924BE239C000C39D0 /* SceneDelegate.swift */,
				CB8750AB24BE239C000C39D0 /* ViewController.swift */,
				7C58255E24BE30FE00CD3597 /* Question 1.swift */,
				7C58256024BE312400CD3597 /* Question2.swift */,
				7C58256224BE31CD00CD3597 /* Question3.swift */,
				7C58256424BE31E800CD3597 /* Question4.swift */,
				7C58256624BE321A00CD3597 /* Question5.swift */,
				7C58256824BE326300CD3597 /* Results.swift */,
				7C58256A24BE381F00CD3597 /* Athleisure.swift */,
				7C58256C24BE388600CD3597 /* Boho.swift */,
				CB8750AD24BE239C000C39D0 /* Main.storyboard */,
				CB8750B324BE239F000C39D0 /* Assets.xcassets */,
				CB8750B524BE239F000C39D0 /* LaunchScreen.storyboard */,
				CB8750B824BE239F000C39D0 /* Info.plist */,
				CB8750B024BE239C000C39D0 /* StandOut.xcdatamodeld */,
			);
			path = StandOut;
			sourceTree = "<group>";
		};
/* End PBXGroup section */

/* Begin PBXNativeTarget section */
		CB8750A324BE239C000C39D0 /* StandOut */ = {
			isa = PBXNativeTarget;
			buildConfigurationList = CB8750BB24BE239F000C39D0 /* Build configuration list for PBXNativeTarget "StandOut" */;
			buildPhases = (
				CB8750A024BE239C000C39D0 /* Sources */,
				CB8750A124BE239C000C39D0 /* Frameworks */,
				CB8750A224BE239C000C39D0 /* Resources */,
			);
			buildRules = (
			);
			dependencies = (
			);
			name = StandOut;
			productName = StandOut;
			productReference = CB8750A424BE239C000C39D0 /* StandOut.app */;
			productType = "com.apple.product-type.application";
		};
/* End PBXNativeTarget section */

/* Begin PBXProject section */
		CB87509C24BE239B000C39D0 /* Project object */ = {
			isa = PBXProject;
			attributes = {
				LastSwiftUpdateCheck = 1150;
				LastUpgradeCheck = 1150;
				ORGANIZATIONNAME = "Erin Salva";
				TargetAttributes = {
					CB8750A324BE239C000C39D0 = {
						CreatedOnToolsVersion = 11.5;
					};
				};
			};
			buildConfigurationList = CB87509F24BE239B000C39D0 /* Build configuration list for PBXProject "StandOut" */;
			compatibilityVersion = "Xcode 9.3";
			developmentRegion = en;
			hasScannedForEncodings = 0;
			knownRegions = (
				en,
				Base,
			);
			mainGroup = CB87509B24BE239B000C39D0;
			productRefGroup = CB8750A524BE239C000C39D0 /* Products */;
			projectDirPath = "";
			projectRoot = "";
			targets = (
				CB8750A324BE239C000C39D0 /* StandOut */,
			);
		};
/* End PBXProject section */

/* Begin PBXResourcesBuildPhase section */
		CB8750A224BE239C000C39D0 /* Resources */ = {
			isa = PBXResourcesBuildPhase;
			buildActionMask = 2147483647;
			files = (
				CB8750B724BE239F000C39D0 /* LaunchScreen.storyboard in Resources */,
				CB8750B424BE239F000C39D0 /* Assets.xcassets in Resources */,
				CB8750AF24BE239C000C39D0 /* Main.storyboard in Resources */,
			);
			runOnlyForDeploymentPostprocessing = 0;
		};
/* End PBXResourcesBuildPhase section */

/* Begin PBXSourcesBuildPhase section */
		CB8750A024BE239C000C39D0 /* Sources */ = {
			isa = PBXSourcesBuildPhase;
			buildActionMask = 2147483647;
			files = (
				7C58256124BE312400CD3597 /* Question2.swift in Sources */,
				CB8750AC24BE239C000C39D0 /* ViewController.swift in Sources */,
				CB8750A824BE239C000C39D0 /* AppDelegate.swift in Sources */,
				CB8750AA24BE239C000C39D0 /* SceneDelegate.swift in Sources */,
				7C58256924BE326300CD3597 /* Results.swift in Sources */,
				7C58256324BE31CD00CD3597 /* Question3.swift in Sources */,
				7C58255F24BE30FE00CD3597 /* Question 1.swift in Sources */,
				7C58256524BE31E800CD3597 /* Question4.swift in Sources */,
				CB8750B224BE239C000C39D0 /* StandOut.xcdatamodeld in Sources */,
				7C58256D24BE388600CD3597 /* Boho.swift in Sources */,
				7C58256724BE321A00CD3597 /* Question5.swift in Sources */,
				7C58256B24BE381F00CD3597 /* Athleisure.swift in Sources */,
			);
			runOnlyForDeploymentPostprocessing = 0;
		};
/* End PBXSourcesBuildPhase section */

/* Begin PBXVariantGroup section */
		CB8750AD24BE239C000C39D0 /* Main.storyboard */ = {
			isa = PBXVariantGroup;
			children = (
				CB8750AE24BE239C000C39D0 /* Base */,
			);
			name = Main.storyboard;
			sourceTree = "<group>";
		};
		CB8750B524BE239F000C39D0 /* LaunchScreen.storyboard */ = {
			isa = PBXVariantGroup;
			children = (
				CB8750B624BE239F000C39D0 /* Base */,
			);
			name = LaunchScreen.storyboard;
			sourceTree = "<group>";
		};
/* End PBXVariantGroup section */

/* Begin XCBuildConfiguration section */
		CB8750B924BE239F000C39D0 /* Debug */ = {
			isa = XCBuildConfiguration;
			buildSettings = {
				ALWAYS_SEARCH_USER_PATHS = NO;
				CLANG_ANALYZER_NONNULL = YES;
				CLANG_ANALYZER_NUMBER_OBJECT_CONVERSION = YES_AGGRESSIVE;
				CLANG_CXX_LANGUAGE_STANDARD = "gnu++14";
				CLANG_CXX_LIBRARY = "libc++";
				CLANG_ENABLE_MODULES = YES;
				CLANG_ENABLE_OBJC_ARC = YES;
				CLANG_ENABLE_OBJC_WEAK = YES;
				CLANG_WARN_BLOCK_CAPTURE_AUTORELEASING = YES;
				CLANG_WARN_BOOL_CONVERSION = YES;
				CLANG_WARN_COMMA = YES;
				CLANG_WARN_CONSTANT_CONVERSION = YES;
				CLANG_WARN_DEPRECATED_OBJC_IMPLEMENTATIONS = YES;
				CLANG_WARN_DIRECT_OBJC_ISA_USAGE = YES_ERROR;
				CLANG_WARN_DOCUMENTATION_COMMENTS = YES;
				CLANG_WARN_EMPTY_BODY = YES;
				CLANG_WARN_ENUM_CONVERSION = YES;
				CLANG_WARN_INFINITE_RECURSION = YES;
				CLANG_WARN_INT_CONVERSION = YES;
				CLANG_WARN_NON_LITERAL_NULL_CONVERSION = YES;
				CLANG_WARN_OBJC_IMPLICIT_RETAIN_SELF = YES;
				CLANG_WARN_OBJC_LITERAL_CONVERSION = YES;
				CLANG_WARN_OBJC_ROOT_CLASS = YES_ERROR;
				CLANG_WARN_RANGE_LOOP_ANALYSIS = YES;
				CLANG_WARN_STRICT_PROTOTYPES = YES;
				CLANG_WARN_SUSPICIOUS_MOVE = YES;
				CLANG_WARN_UNGUARDED_AVAILABILITY = YES_AGGRESSIVE;
				CLANG_WARN_UNREACHABLE_CODE = YES;
				CLANG_WARN__DUPLICATE_METHOD_MATCH = YES;
				COPY_PHASE_STRIP = NO;
				DEBUG_INFORMATION_FORMAT = dwarf;
				ENABLE_STRICT_OBJC_MSGSEND = YES;
				ENABLE_TESTABILITY = YES;
				GCC_C_LANGUAGE_STANDARD = gnu11;
				GCC_DYNAMIC_NO_PIC = NO;
				GCC_NO_COMMON_BLOCKS = YES;
				GCC_OPTIMIZATION_LEVEL = 0;
				GCC_PREPROCESSOR_DEFINITIONS = (
					"DEBUG=1",
					"$(inherited)",
				);
				GCC_WARN_64_TO_32_BIT_CONVERSION = YES;
				GCC_WARN_ABOUT_RETURN_TYPE = YES_ERROR;
				GCC_WARN_UNDECLARED_SELECTOR = YES;
				GCC_WARN_UNINITIALIZED_AUTOS = YES_AGGRESSIVE;
				GCC_WARN_UNUSED_FUNCTION = YES;
				GCC_WARN_UNUSED_VARIABLE = YES;
				IPHONEOS_DEPLOYMENT_TARGET = 13.5;
				MTL_ENABLE_DEBUG_INFO = INCLUDE_SOURCE;
				MTL_FAST_MATH = YES;
				ONLY_ACTIVE_ARCH = YES;
				SDKROOT = iphoneos;
				SWIFT_ACTIVE_COMPILATION_CONDITIONS = DEBUG;
				SWIFT_OPTIMIZATION_LEVEL = "-Onone";
			};
			name = Debug;
		};
		CB8750BA24BE239F000C39D0 /* Release */ = {
			isa = XCBuildConfiguration;
			buildSettings = {
				ALWAYS_SEARCH_USER_PATHS = NO;
				CLANG_ANALYZER_NONNULL = YES;
				CLANG_ANALYZER_NUMBER_OBJECT_CONVERSION = YES_AGGRESSIVE;
				CLANG_CXX_LANGUAGE_STANDARD = "gnu++14";
				CLANG_CXX_LIBRARY = "libc++";
				CLANG_ENABLE_MODULES = YES;
				CLANG_ENABLE_OBJC_ARC = YES;
				CLANG_ENABLE_OBJC_WEAK = YES;
				CLANG_WARN_BLOCK_CAPTURE_AUTORELEASING = YES;
				CLANG_WARN_BOOL_CONVERSION = YES;
				CLANG_WARN_COMMA = YES;
				CLANG_WARN_CONSTANT_CONVERSION = YES;
				CLANG_WARN_DEPRECATED_OBJC_IMPLEMENTATIONS = YES;
				CLANG_WARN_DIRECT_OBJC_ISA_USAGE = YES_ERROR;
				CLANG_WARN_DOCUMENTATION_COMMENTS = YES;
				CLANG_WARN_EMPTY_BODY = YES;
				CLANG_WARN_ENUM_CONVERSION = YES;
				CLANG_WARN_INFINITE_RECURSION = YES;
				CLANG_WARN_INT_CONVERSION = YES;
				CLANG_WARN_NON_LITERAL_NULL_CONVERSION = YES;
				CLANG_WARN_OBJC_IMPLICIT_RETAIN_SELF = YES;
				CLANG_WARN_OBJC_LITERAL_CONVERSION = YES;
				CLANG_WARN_OBJC_ROOT_CLASS = YES_ERROR;
				CLANG_WARN_RANGE_LOOP_ANALYSIS = YES;
				CLANG_WARN_STRICT_PROTOTYPES = YES;
				CLANG_WARN_SUSPICIOUS_MOVE = YES;
				CLANG_WARN_UNGUARDED_AVAILABILITY = YES_AGGRESSIVE;
				CLANG_WARN_UNREACHABLE_CODE = YES;
				CLANG_WARN__DUPLICATE_METHOD_MATCH = YES;
				COPY_PHASE_STRIP = NO;
				DEBUG_INFORMATION_FORMAT = "dwarf-with-dsym";
				ENABLE_NS_ASSERTIONS = NO;
				ENABLE_STRICT_OBJC_MSGSEND = YES;
				GCC_C_LANGUAGE_STANDARD = gnu11;
				GCC_NO_COMMON_BLOCKS = YES;
				GCC_WARN_64_TO_32_BIT_CONVERSION = YES;
				GCC_WARN_ABOUT_RETURN_TYPE = YES_ERROR;
				GCC_WARN_UNDECLARED_SELECTOR = YES;
				GCC_WARN_UNINITIALIZED_AUTOS = YES_AGGRESSIVE;
				GCC_WARN_UNUSED_FUNCTION = YES;
				GCC_WARN_UNUSED_VARIABLE = YES;
				IPHONEOS_DEPLOYMENT_TARGET = 13.5;
				MTL_ENABLE_DEBUG_INFO = NO;
				MTL_FAST_MATH = YES;
				SDKROOT = iphoneos;
				SWIFT_COMPILATION_MODE = wholemodule;
				SWIFT_OPTIMIZATION_LEVEL = "-O";
				VALIDATE_PRODUCT = YES;
			};
			name = Release;
		};
		CB8750BC24BE239F000C39D0 /* Debug */ = {
			isa = XCBuildConfiguration;
			buildSettings = {
				ASSETCATALOG_COMPILER_APPICON_NAME = AppIcon;
				CODE_SIGN_STYLE = Automatic;
				DEVELOPMENT_TEAM = 45YRSN9Z9R;
				INFOPLIST_FILE = StandOut/Info.plist;
				LD_RUNPATH_SEARCH_PATHS = (
					"$(inherited)",
					"@executable_path/Frameworks",
				);
				PRODUCT_BUNDLE_IDENTIFIER = "Erin-Salva.StandOut";
				PRODUCT_NAME = "$(TARGET_NAME)";
				SWIFT_VERSION = 5.0;
				TARGETED_DEVICE_FAMILY = "1,2";
			};
			name = Debug;
		};
		CB8750BD24BE239F000C39D0 /* Release */ = {
			isa = XCBuildConfiguration;
			buildSettings = {
				ASSETCATALOG_COMPILER_APPICON_NAME = AppIcon;
				CODE_SIGN_STYLE = Automatic;
				DEVELOPMENT_TEAM = 45YRSN9Z9R;
				INFOPLIST_FILE = StandOut/Info.plist;
				LD_RUNPATH_SEARCH_PATHS = (
					"$(inherited)",
					"@executable_path/Frameworks",
				);
				PRODUCT_BUNDLE_IDENTIFIER = "Erin-Salva.StandOut";
				PRODUCT_NAME = "$(TARGET_NAME)";
				SWIFT_VERSION = 5.0;
				TARGETED_DEVICE_FAMILY = "1,2";
			};
			name = Release;
		};
/* End XCBuildConfiguration section */

/* Begin XCConfigurationList section */
		CB87509F24BE239B000C39D0 /* Build configuration list for PBXProject "StandOut" */ = {
			isa = XCConfigurationList;
			buildConfigurations = (
				CB8750B924BE239F000C39D0 /* Debug */,
				CB8750BA24BE239F000C39D0 /* Release */,
			);
			defaultConfigurationIsVisible = 0;
			defaultConfigurationName = Release;
		};
		CB8750BB24BE239F000C39D0 /* Build configuration list for PBXNativeTarget "StandOut" */ = {
			isa = XCConfigurationList;
			buildConfigurations = (
				CB8750BC24BE239F000C39D0 /* Debug */,
				CB8750BD24BE239F000C39D0 /* Release */,
			);
			defaultConfigurationIsVisible = 0;
			defaultConfigurationName = Release;
		};
/* End XCConfigurationList section */

/* Begin XCVersionGroup section */
		CB8750B024BE239C000C39D0 /* StandOut.xcdatamodeld */ = {
			isa = XCVersionGroup;
			children = (
				CB8750B124BE239C000C39D0 /* StandOut.xcdatamodel */,
			);
			currentVersion = CB8750B124BE239C000C39D0 /* StandOut.xcdatamodel */;
			path = StandOut.xcdatamodeld;
			sourceTree = "<group>";
			versionGroupType = wrapper.xcdatamodel;
		};
/* End XCVersionGroup section */
	};
	rootObject = CB87509C24BE239B000C39D0 /* Project object */;
}
